# This file is automatically @generated by Cargo.
# It is not intended for manual editing.
version = 4

[[package]]
name = "pom"
version = "1.0.1"
source = "registry+https://github.com/rust-lang/crates.io-index"
checksum = "8678ba1b3c8f2afef0fbfeb21c1c9dd44165d11923ecaec02925122fabdf4e69"

[[package]]
name = "type1-encoding-parser"
version = "0.1.1"
dependencies = [
 "pom",
]
